github.com/google/uuid v1.3.0 h1:t6JiXgmwXMjEs8VusXIJk2BXHsn+wx8BZdTaoZ5fu7I=
github.com/google/uuid v1.3.0/go.mod h1:TIyPZe4MgqvfeYDBFedMoGGpEw/LqOeaOT+nhxU+yHo=
github.com/jimsnab/go-lane v1.2.0 h1:+MrMh5fSSbi60CwuvFvj4OziVbULduSV8ygATZbdNFI=
github.com/jimsnab/go-lane v1.2.0/go.mod h1:gQZM3DYgcOvGY9GM0XqNYAdKPKHn87gAsQcCGxsf8fA=
